
Microsoft Visual Studio Solution File, Format Version 12.00
# Visual Studio 15
Project("{FAE04EC0-301F-11D3-BF4B-00C04F79EFBC}") = "Assembly-CSharp", "Assembly-CSharp.csproj", "{C09988A4-6324-6C4D-A1F3-B00D6DE46C91}"
EndProject
Project("{FAE04EC0-301F-11D3-BF4B-00C04F79EFBC}") = "Assembly-CSharp-Editor", "Assembly-CSharp-Editor.csproj", "{63C2A220-93F8-F3A9-91BE-8B2A0D6700E5}"
EndProject
Global
	GlobalSection(SolutionConfigurationPlatforms) = preSolution
		Debug|Any CPU = Debug|Any CPU
		Release|Any CPU = Release|Any CPU
	EndGlobalSection
	GlobalSection(ProjectConfigurationPlatforms) = postSolution
		{C09988A4-6324-6C4D-A1F3-B00D6DE46C91}.Debug|Any CPU.ActiveCfg = Debug|Any CPU
		{C09988A4-6324-6C4D-A1F3-B00D6DE46C91}.Debug|Any CPU.Build.0 = Debug|Any CPU
		{C09988A4-6324-6C4D-A1F3-B00D6DE46C91}.Release|Any CPU.ActiveCfg = Release|Any CPU
		{C09988A4-6324-6C4D-A1F3-B00D6DE46C91}.Release|Any CPU.Build.0 = Release|Any CPU
		{63C2A220-93F8-F3A9-91BE-8B2A0D6700E5}.Debug|Any CPU.ActiveCfg = Debug|Any CPU
		{63C2A220-93F8-F3A9-91BE-8B2A0D6700E5}.Debug|Any CPU.Build.0 = Debug|Any CPU
		{63C2A220-93F8-F3A9-91BE-8B2A0D6700E5}.Release|Any CPU.ActiveCfg = Release|Any CPU
		{63C2A220-93F8-F3A9-91BE-8B2A0D6700E5}.Release|Any CPU.Build.0 = Release|Any CPU
	EndGlobalSection
	GlobalSection(SolutionProperties) = preSolution
		HideSolutionNode = FALSE
	EndGlobalSection
EndGlobal
