
Microsoft Visual Studio Solution File, Format Version 12.00
# Visual Studio 15
VisualStudioVersion = 15.0.27703.2035
MinimumVisualStudioVersion = 10.0.40219.1
Project("{9A19103F-16F7-4668-BE54-9A1E7A4F7556}") = "LMAServer", "LMAServer\LMAServer.csproj", "{846BE9CE-5A34-44D3-97E3-0BA28C662B78}"
EndProject
Project("{9A19103F-16F7-4668-BE54-9A1E7A4F7556}") = "LMA.Data.Contracts", "LMA.Data\LMA.Data.Contracts.csproj", "{31697E79-81C4-4597-A91D-A41FC79CE826}"
EndProject
Project("{9A19103F-16F7-4668-BE54-9A1E7A4F7556}") = "LMA.Services", "LMA.Services\LMA.Services.csproj", "{FA4C8EE7-CAB9-43A2-9D06-D360554D9C87}"
EndProject
Project("{9A19103F-16F7-4668-BE54-9A1E7A4F7556}") = "LMA.Data.Models", "LMA.Models\LMA.Data.Models.csproj", "{3EB77A1A-289F-40F9-B73D-D366117E23F7}"
EndProject
Project("{9A19103F-16F7-4668-BE54-9A1E7A4F7556}") = "LMA.Data.MSSQL", "LMA.Data.MSSQL\LMA.Data.MSSQL.csproj", "{CE1720BB-1387-460C-8E83-E7C35E83A127}"
EndProject
Project("{9A19103F-16F7-4668-BE54-9A1E7A4F7556}") = "LMA.Data.UI.ViewModels", "LMA.Data.UI.Contracts\LMA.Data.UI.ViewModels.csproj", "{4BF92A40-F71A-4BAC-A008-E75639FD5D53}"
EndProject
Project("{9A19103F-16F7-4668-BE54-9A1E7A4F7556}") = "LMA.Data.DbProvider", "LMA.DATA.DbProvider\LMA.Data.DbProvider.csproj", "{8ADEC4B7-A8E6-4E24-ADB0-09D4E0D98F5F}"
EndProject
Project("{9A19103F-16F7-4668-BE54-9A1E7A4F7556}") = "LMA.HostedServices", "LMA.HostedServices\LMA.HostedServices.csproj", "{249534E8-FB24-4083-8186-4CCC844F0305}"
EndProject
Project("{9A19103F-16F7-4668-BE54-9A1E7A4F7556}") = "LMA.Services.Contracts", "LMA.Services.Contracts\LMA.Services.Contracts.csproj", "{B5ABB66D-4E26-4EBC-A33F-13596C7CA03C}"
EndProject
Project("{9A19103F-16F7-4668-BE54-9A1E7A4F7556}") = "LMA.Data.Filters", "LMA.Data.Filters\LMA.Data.Filters.csproj", "{45461BB0-686C-4E09-811E-BDA86D2D10BB}"
EndProject
Project("{FAE04EC0-301F-11D3-BF4B-00C04F79EFBC}") = "ClientTest", "ClientTest\ClientTest.csproj", "{3BE2DF7B-32D8-4D46-8CC1-54EA11253667}"
EndProject
Project("{9A19103F-16F7-4668-BE54-9A1E7A4F7556}") = "LMA.Data.DcProvider", "LMA.Data.RedisProvider\LMA.Data.DcProvider.csproj", "{B61AAD44-9342-4BFF-B660-0C2479C735D7}"
EndProject
Project("{FAE04EC0-301F-11D3-BF4B-00C04F79EFBC}") = "_MechanicalApplication", "..\LMA App\_MechanicalApplication.csproj", "{05A0718F-385E-46A5-A188-20CA57A0F97A}"
EndProject
Project("{FAE04EC0-301F-11D3-BF4B-00C04F79EFBC}") = "_MechanicalApplicationAdmin", "..\MA Admin App\_MechanicalApplicationAdmin.csproj", "{AE4D50C7-D782-4581-B651-6EAC7E249A9B}"
EndProject
Global
	GlobalSection(SolutionConfigurationPlatforms) = preSolution
		Ad-Hoc|Any CPU = Ad-Hoc|Any CPU
		Ad-Hoc|ARM = Ad-Hoc|ARM
		Ad-Hoc|iPhone = Ad-Hoc|iPhone
		Ad-Hoc|iPhoneSimulator = Ad-Hoc|iPhoneSimulator
		Ad-Hoc|x64 = Ad-Hoc|x64
		Ad-Hoc|x86 = Ad-Hoc|x86
		AppStore|Any CPU = AppStore|Any CPU
		AppStore|ARM = AppStore|ARM
		AppStore|iPhone = AppStore|iPhone
		AppStore|iPhoneSimulator = AppStore|iPhoneSimulator
		AppStore|x64 = AppStore|x64
		AppStore|x86 = AppStore|x86
		Debug|Any CPU = Debug|Any CPU
		Debug|ARM = Debug|ARM
		Debug|iPhone = Debug|iPhone
		Debug|iPhoneSimulator = Debug|iPhoneSimulator
		Debug|x64 = Debug|x64
		Debug|x86 = Debug|x86
		Release|Any CPU = Release|Any CPU
		Release|ARM = Release|ARM
		Release|iPhone = Release|iPhone
		Release|iPhoneSimulator = Release|iPhoneSimulator
		Release|x64 = Release|x64
		Release|x86 = Release|x86
	EndGlobalSection
	GlobalSection(ProjectConfigurationPlatforms) = postSolution
		{846BE9CE-5A34-44D3-97E3-0BA28C662B78}.Ad-Hoc|Any CPU.ActiveCfg = Release|Any CPU
		{846BE9CE-5A34-44D3-97E3-0BA28C662B78}.Ad-Hoc|Any CPU.Build.0 = Release|Any CPU
		{846BE9CE-5A34-44D3-97E3-0BA28C662B78}.Ad-Hoc|ARM.ActiveCfg = Release|Any CPU
		{846BE9CE-5A34-44D3-97E3-0BA28C662B78}.Ad-Hoc|ARM.Build.0 = Release|Any CPU
		{846BE9CE-5A34-44D3-97E3-0BA28C662B78}.Ad-Hoc|iPhone.ActiveCfg = Release|Any CPU
		{846BE9CE-5A34-44D3-97E3-0BA28C662B78}.Ad-Hoc|iPhone.Build.0 = Release|Any CPU
		{846BE9CE-5A34-44D3-97E3-0BA28C662B78}.Ad-Hoc|iPhoneSimulator.ActiveCfg = Release|Any CPU
		{846BE9CE-5A34-44D3-97E3-0BA28C662B78}.Ad-Hoc|iPhoneSimulator.Build.0 = Release|Any CPU
		{846BE9CE-5A34-44D3-97E3-0BA28C662B78}.Ad-Hoc|x64.ActiveCfg = Release|Any CPU
		{846BE9CE-5A34-44D3-97E3-0BA28C662B78}.Ad-Hoc|x64.Build.0 = Release|Any CPU
		{846BE9CE-5A34-44D3-97E3-0BA28C662B78}.Ad-Hoc|x86.ActiveCfg = Release|Any CPU
		{846BE9CE-5A34-44D3-97E3-0BA28C662B78}.Ad-Hoc|x86.Build.0 = Release|Any CPU
		{846BE9CE-5A34-44D3-97E3-0BA28C662B78}.AppStore|Any CPU.ActiveCfg = Release|Any CPU
		{846BE9CE-5A34-44D3-97E3-0BA28C662B78}.AppStore|Any CPU.Build.0 = Release|Any CPU
		{846BE9CE-5A34-44D3-97E3-0BA28C662B78}.AppStore|ARM.ActiveCfg = Release|Any CPU
		{846BE9CE-5A34-44D3-97E3-0BA28C662B78}.AppStore|ARM.Build.0 = Release|Any CPU
		{846BE9CE-5A34-44D3-97E3-0BA28C662B78}.AppStore|iPhone.ActiveCfg = Release|Any CPU
		{846BE9CE-5A34-44D3-97E3-0BA28C662B78}.AppStore|iPhone.Build.0 = Release|Any CPU
		{846BE9CE-5A34-44D3-97E3-0BA28C662B78}.AppStore|iPhoneSimulator.ActiveCfg = Release|Any CPU
		{846BE9CE-5A34-44D3-97E3-0BA28C662B78}.AppStore|iPhoneSimulator.Build.0 = Release|Any CPU
		{846BE9CE-5A34-44D3-97E3-0BA28C662B78}.AppStore|x64.ActiveCfg = Release|Any CPU
		{846BE9CE-5A34-44D3-97E3-0BA28C662B78}.AppStore|x64.Build.0 = Release|Any CPU
		{846BE9CE-5A34-44D3-97E3-0BA28C662B78}.AppStore|x86.ActiveCfg = Release|Any CPU
		{846BE9CE-5A34-44D3-97E3-0BA28C662B78}.AppStore|x86.Build.0 = Release|Any CPU
		{846BE9CE-5A34-44D3-97E3-0BA28C662B78}.Debug|Any CPU.ActiveCfg = Debug|Any CPU
		{846BE9CE-5A34-44D3-97E3-0BA28C662B78}.Debug|Any CPU.Build.0 = Debug|Any CPU
		{846BE9CE-5A34-44D3-97E3-0BA28C662B78}.Debug|ARM.ActiveCfg = Debug|Any CPU
		{846BE9CE-5A34-44D3-97E3-0BA28C662B78}.Debug|ARM.Build.0 = Debug|Any CPU
		{846BE9CE-5A34-44D3-97E3-0BA28C662B78}.Debug|iPhone.ActiveCfg = Debug|Any CPU
		{846BE9CE-5A34-44D3-97E3-0BA28C662B78}.Debug|iPhone.Build.0 = Debug|Any CPU
		{846BE9CE-5A34-44D3-97E3-0BA28C662B78}.Debug|iPhoneSimulator.ActiveCfg = Debug|Any CPU
		{846BE9CE-5A34-44D3-97E3-0BA28C662B78}.Debug|iPhoneSimulator.Build.0 = Debug|Any CPU
		{846BE9CE-5A34-44D3-97E3-0BA28C662B78}.Debug|x64.ActiveCfg = Debug|Any CPU
		{846BE9CE-5A34-44D3-97E3-0BA28C662B78}.Debug|x64.Build.0 = Debug|Any CPU
		{846BE9CE-5A34-44D3-97E3-0BA28C662B78}.Debug|x86.ActiveCfg = Debug|Any CPU
		{846BE9CE-5A34-44D3-97E3-0BA28C662B78}.Debug|x86.Build.0 = Debug|Any CPU
		{846BE9CE-5A34-44D3-97E3-0BA28C662B78}.Release|Any CPU.ActiveCfg = Release|Any CPU
		{846BE9CE-5A34-44D3-97E3-0BA28C662B78}.Release|Any CPU.Build.0 = Release|Any CPU
		{846BE9CE-5A34-44D3-97E3-0BA28C662B78}.Release|ARM.ActiveCfg = Release|Any CPU
		{846BE9CE-5A34-44D3-97E3-0BA28C662B78}.Release|ARM.Build.0 = Release|Any CPU
		{846BE9CE-5A34-44D3-97E3-0BA28C662B78}.Release|iPhone.ActiveCfg = Release|Any CPU
		{846BE9CE-5A34-44D3-97E3-0BA28C662B78}.Release|iPhone.Build.0 = Release|Any CPU
		{846BE9CE-5A34-44D3-97E3-0BA28C662B78}.Release|iPhoneSimulator.ActiveCfg = Release|Any CPU
		{846BE9CE-5A34-44D3-97E3-0BA28C662B78}.Release|iPhoneSimulator.Build.0 = Release|Any CPU
		{846BE9CE-5A34-44D3-97E3-0BA28C662B78}.Release|x64.ActiveCfg = Release|Any CPU
		{846BE9CE-5A34-44D3-97E3-0BA28C662B78}.Release|x64.Build.0 = Release|Any CPU
		{846BE9CE-5A34-44D3-97E3-0BA28C662B78}.Release|x86.ActiveCfg = Release|Any CPU
		{846BE9CE-5A34-44D3-97E3-0BA28C662B78}.Release|x86.Build.0 = Release|Any CPU
		{31697E79-81C4-4597-A91D-A41FC79CE826}.Ad-Hoc|Any CPU.ActiveCfg = Release|Any CPU
		{31697E79-81C4-4597-A91D-A41FC79CE826}.Ad-Hoc|Any CPU.Build.0 = Release|Any CPU
		{31697E79-81C4-4597-A91D-A41FC79CE826}.Ad-Hoc|ARM.ActiveCfg = Release|Any CPU
		{31697E79-81C4-4597-A91D-A41FC79CE826}.Ad-Hoc|ARM.Build.0 = Release|Any CPU
		{31697E79-81C4-4597-A91D-A41FC79CE826}.Ad-Hoc|iPhone.ActiveCfg = Release|Any CPU
		{31697E79-81C4-4597-A91D-A41FC79CE826}.Ad-Hoc|iPhone.Build.0 = Release|Any CPU
		{31697E79-81C4-4597-A91D-A41FC79CE826}.Ad-Hoc|iPhoneSimulator.ActiveCfg = Release|Any CPU
		{31697E79-81C4-4597-A91D-A41FC79CE826}.Ad-Hoc|iPhoneSimulator.Build.0 = Release|Any CPU
		{31697E79-81C4-4597-A91D-A41FC79CE826}.Ad-Hoc|x64.ActiveCfg = Release|Any CPU
		{31697E79-81C4-4597-A91D-A41FC79CE826}.Ad-Hoc|x64.Build.0 = Release|Any CPU
		{31697E79-81C4-4597-A91D-A41FC79CE826}.Ad-Hoc|x86.ActiveCfg = Release|Any CPU
		{31697E79-81C4-4597-A91D-A41FC79CE826}.Ad-Hoc|x86.Build.0 = Release|Any CPU
		{31697E79-81C4-4597-A91D-A41FC79CE826}.AppStore|Any CPU.ActiveCfg = Release|Any CPU
		{31697E79-81C4-4597-A91D-A41FC79CE826}.AppStore|Any CPU.Build.0 = Release|Any CPU
		{31697E79-81C4-4597-A91D-A41FC79CE826}.AppStore|ARM.ActiveCfg = Release|Any CPU
		{31697E79-81C4-4597-A91D-A41FC79CE826}.AppStore|ARM.Build.0 = Release|Any CPU
		{31697E79-81C4-4597-A91D-A41FC79CE826}.AppStore|iPhone.ActiveCfg = Release|Any CPU
		{31697E79-81C4-4597-A91D-A41FC79CE826}.AppStore|iPhone.Build.0 = Release|Any CPU
		{31697E79-81C4-4597-A91D-A41FC79CE826}.AppStore|iPhoneSimulator.ActiveCfg = Release|Any CPU
		{31697E79-81C4-4597-A91D-A41FC79CE826}.AppStore|iPhoneSimulator.Build.0 = Release|Any CPU
		{31697E79-81C4-4597-A91D-A41FC79CE826}.AppStore|x64.ActiveCfg = Release|Any CPU
		{31697E79-81C4-4597-A91D-A41FC79CE826}.AppStore|x64.Build.0 = Release|Any CPU
		{31697E79-81C4-4597-A91D-A41FC79CE826}.AppStore|x86.ActiveCfg = Release|Any CPU
		{31697E79-81C4-4597-A91D-A41FC79CE826}.AppStore|x86.Build.0 = Release|Any CPU
		{31697E79-81C4-4597-A91D-A41FC79CE826}.Debug|Any CPU.ActiveCfg = Debug|Any CPU
		{31697E79-81C4-4597-A91D-A41FC79CE826}.Debug|Any CPU.Build.0 = Debug|Any CPU
		{31697E79-81C4-4597-A91D-A41FC79CE826}.Debug|ARM.ActiveCfg = Debug|Any CPU
		{31697E79-81C4-4597-A91D-A41FC79CE826}.Debug|ARM.Build.0 = Debug|Any CPU
		{31697E79-81C4-4597-A91D-A41FC79CE826}.Debug|iPhone.ActiveCfg = Debug|Any CPU
		{31697E79-81C4-4597-A91D-A41FC79CE826}.Debug|iPhone.Build.0 = Debug|Any CPU
		{31697E79-81C4-4597-A91D-A41FC79CE826}.Debug|iPhoneSimulator.ActiveCfg = Debug|Any CPU
		{31697E79-81C4-4597-A91D-A41FC79CE826}.Debug|iPhoneSimulator.Build.0 = Debug|Any CPU
		{31697E79-81C4-4597-A91D-A41FC79CE826}.Debug|x64.ActiveCfg = Debug|Any CPU
		{31697E79-81C4-4597-A91D-A41FC79CE826}.Debug|x64.Build.0 = Debug|Any CPU
		{31697E79-81C4-4597-A91D-A41FC79CE826}.Debug|x86.ActiveCfg = Debug|Any CPU
		{31697E79-81C4-4597-A91D-A41FC79CE826}.Debug|x86.Build.0 = Debug|Any CPU
		{31697E79-81C4-4597-A91D-A41FC79CE826}.Release|Any CPU.ActiveCfg = Release|Any CPU
		{31697E79-81C4-4597-A91D-A41FC79CE826}.Release|Any CPU.Build.0 = Release|Any CPU
		{31697E79-81C4-4597-A91D-A41FC79CE826}.Release|ARM.ActiveCfg = Release|Any CPU
		{31697E79-81C4-4597-A91D-A41FC79CE826}.Release|ARM.Build.0 = Release|Any CPU
		{31697E79-81C4-4597-A91D-A41FC79CE826}.Release|iPhone.ActiveCfg = Release|Any CPU
		{31697E79-81C4-4597-A91D-A41FC79CE826}.Release|iPhone.Build.0 = Release|Any CPU
		{31697E79-81C4-4597-A91D-A41FC79CE826}.Release|iPhoneSimulator.ActiveCfg = Release|Any CPU
		{31697E79-81C4-4597-A91D-A41FC79CE826}.Release|iPhoneSimulator.Build.0 = Release|Any CPU
		{31697E79-81C4-4597-A91D-A41FC79CE826}.Release|x64.ActiveCfg = Release|Any CPU
		{31697E79-81C4-4597-A91D-A41FC79CE826}.Release|x64.Build.0 = Release|Any CPU
		{31697E79-81C4-4597-A91D-A41FC79CE826}.Release|x86.ActiveCfg = Release|Any CPU
		{31697E79-81C4-4597-A91D-A41FC79CE826}.Release|x86.Build.0 = Release|Any CPU
		{FA4C8EE7-CAB9-43A2-9D06-D360554D9C87}.Ad-Hoc|Any CPU.ActiveCfg = Release|Any CPU
		{FA4C8EE7-CAB9-43A2-9D06-D360554D9C87}.Ad-Hoc|Any CPU.Build.0 = Release|Any CPU
		{FA4C8EE7-CAB9-43A2-9D06-D360554D9C87}.Ad-Hoc|ARM.ActiveCfg = Release|Any CPU
		{FA4C8EE7-CAB9-43A2-9D06-D360554D9C87}.Ad-Hoc|ARM.Build.0 = Release|Any CPU
		{FA4C8EE7-CAB9-43A2-9D06-D360554D9C87}.Ad-Hoc|iPhone.ActiveCfg = Release|Any CPU
		{FA4C8EE7-CAB9-43A2-9D06-D360554D9C87}.Ad-Hoc|iPhone.Build.0 = Release|Any CPU
		{FA4C8EE7-CAB9-43A2-9D06-D360554D9C87}.Ad-Hoc|iPhoneSimulator.ActiveCfg = Release|Any CPU
		{FA4C8EE7-CAB9-43A2-9D06-D360554D9C87}.Ad-Hoc|iPhoneSimulator.Build.0 = Release|Any CPU
		{FA4C8EE7-CAB9-43A2-9D06-D360554D9C87}.Ad-Hoc|x64.ActiveCfg = Release|Any CPU
		{FA4C8EE7-CAB9-43A2-9D06-D360554D9C87}.Ad-Hoc|x64.Build.0 = Release|Any CPU
		{FA4C8EE7-CAB9-43A2-9D06-D360554D9C87}.Ad-Hoc|x86.ActiveCfg = Release|Any CPU
		{FA4C8EE7-CAB9-43A2-9D06-D360554D9C87}.Ad-Hoc|x86.Build.0 = Release|Any CPU
		{FA4C8EE7-CAB9-43A2-9D06-D360554D9C87}.AppStore|Any CPU.ActiveCfg = Release|Any CPU
		{FA4C8EE7-CAB9-43A2-9D06-D360554D9C87}.AppStore|Any CPU.Build.0 = Release|Any CPU
		{FA4C8EE7-CAB9-43A2-9D06-D360554D9C87}.AppStore|ARM.ActiveCfg = Release|Any CPU
		{FA4C8EE7-CAB9-43A2-9D06-D360554D9C87}.AppStore|ARM.Build.0 = Release|Any CPU
		{FA4C8EE7-CAB9-43A2-9D06-D360554D9C87}.AppStore|iPhone.ActiveCfg = Release|Any CPU
		{FA4C8EE7-CAB9-43A2-9D06-D360554D9C87}.AppStore|iPhone.Build.0 = Release|Any CPU
		{FA4C8EE7-CAB9-43A2-9D06-D360554D9C87}.AppStore|iPhoneSimulator.ActiveCfg = Release|Any CPU
		{FA4C8EE7-CAB9-43A2-9D06-D360554D9C87}.AppStore|iPhoneSimulator.Build.0 = Release|Any CPU
		{FA4C8EE7-CAB9-43A2-9D06-D360554D9C87}.AppStore|x64.ActiveCfg = Release|Any CPU
		{FA4C8EE7-CAB9-43A2-9D06-D360554D9C87}.AppStore|x64.Build.0 = Release|Any CPU
		{FA4C8EE7-CAB9-43A2-9D06-D360554D9C87}.AppStore|x86.ActiveCfg = Release|Any CPU
		{FA4C8EE7-CAB9-43A2-9D06-D360554D9C87}.AppStore|x86.Build.0 = Release|Any CPU
		{FA4C8EE7-CAB9-43A2-9D06-D360554D9C87}.Debug|Any CPU.ActiveCfg = Debug|Any CPU
		{FA4C8EE7-CAB9-43A2-9D06-D360554D9C87}.Debug|Any CPU.Build.0 = Debug|Any CPU
		{FA4C8EE7-CAB9-43A2-9D06-D360554D9C87}.Debug|ARM.ActiveCfg = Debug|Any CPU
		{FA4C8EE7-CAB9-43A2-9D06-D360554D9C87}.Debug|ARM.Build.0 = Debug|Any CPU
		{FA4C8EE7-CAB9-43A2-9D06-D360554D9C87}.Debug|iPhone.ActiveCfg = Debug|Any CPU
		{FA4C8EE7-CAB9-43A2-9D06-D360554D9C87}.Debug|iPhone.Build.0 = Debug|Any CPU
		{FA4C8EE7-CAB9-43A2-9D06-D360554D9C87}.Debug|iPhoneSimulator.ActiveCfg = Debug|Any CPU
		{FA4C8EE7-CAB9-43A2-9D06-D360554D9C87}.Debug|iPhoneSimulator.Build.0 = Debug|Any CPU
		{FA4C8EE7-CAB9-43A2-9D06-D360554D9C87}.Debug|x64.ActiveCfg = Debug|Any CPU
		{FA4C8EE7-CAB9-43A2-9D06-D360554D9C87}.Debug|x64.Build.0 = Debug|Any CPU
		{FA4C8EE7-CAB9-43A2-9D06-D360554D9C87}.Debug|x86.ActiveCfg = Debug|Any CPU
		{FA4C8EE7-CAB9-43A2-9D06-D360554D9C87}.Debug|x86.Build.0 = Debug|Any CPU
		{FA4C8EE7-CAB9-43A2-9D06-D360554D9C87}.Release|Any CPU.ActiveCfg = Release|Any CPU
		{FA4C8EE7-CAB9-43A2-9D06-D360554D9C87}.Release|Any CPU.Build.0 = Release|Any CPU
		{FA4C8EE7-CAB9-43A2-9D06-D360554D9C87}.Release|ARM.ActiveCfg = Release|Any CPU
		{FA4C8EE7-CAB9-43A2-9D06-D360554D9C87}.Release|ARM.Build.0 = Release|Any CPU
		{FA4C8EE7-CAB9-43A2-9D06-D360554D9C87}.Release|iPhone.ActiveCfg = Release|Any CPU
		{FA4C8EE7-CAB9-43A2-9D06-D360554D9C87}.Release|iPhone.Build.0 = Release|Any CPU
		{FA4C8EE7-CAB9-43A2-9D06-D360554D9C87}.Release|iPhoneSimulator.ActiveCfg = Release|Any CPU
		{FA4C8EE7-CAB9-43A2-9D06-D360554D9C87}.Release|iPhoneSimulator.Build.0 = Release|Any CPU
		{FA4C8EE7-CAB9-43A2-9D06-D360554D9C87}.Release|x64.ActiveCfg = Release|Any CPU
		{FA4C8EE7-CAB9-43A2-9D06-D360554D9C87}.Release|x64.Build.0 = Release|Any CPU
		{FA4C8EE7-CAB9-43A2-9D06-D360554D9C87}.Release|x86.ActiveCfg = Release|Any CPU
		{FA4C8EE7-CAB9-43A2-9D06-D360554D9C87}.Release|x86.Build.0 = Release|Any CPU
		{3EB77A1A-289F-40F9-B73D-D366117E23F7}.Ad-Hoc|Any CPU.ActiveCfg = Release|Any CPU
		{3EB77A1A-289F-40F9-B73D-D366117E23F7}.Ad-Hoc|Any CPU.Build.0 = Release|Any CPU
		{3EB77A1A-289F-40F9-B73D-D366117E23F7}.Ad-Hoc|ARM.ActiveCfg = Release|Any CPU
		{3EB77A1A-289F-40F9-B73D-D366117E23F7}.Ad-Hoc|ARM.Build.0 = Release|Any CPU
		{3EB77A1A-289F-40F9-B73D-D366117E23F7}.Ad-Hoc|iPhone.ActiveCfg = Release|Any CPU
		{3EB77A1A-289F-40F9-B73D-D366117E23F7}.Ad-Hoc|iPhone.Build.0 = Release|Any CPU
		{3EB77A1A-289F-40F9-B73D-D366117E23F7}.Ad-Hoc|iPhoneSimulator.ActiveCfg = Release|Any CPU
		{3EB77A1A-289F-40F9-B73D-D366117E23F7}.Ad-Hoc|iPhoneSimulator.Build.0 = Release|Any CPU
		{3EB77A1A-289F-40F9-B73D-D366117E23F7}.Ad-Hoc|x64.ActiveCfg = Release|Any CPU
		{3EB77A1A-289F-40F9-B73D-D366117E23F7}.Ad-Hoc|x64.Build.0 = Release|Any CPU
		{3EB77A1A-289F-40F9-B73D-D366117E23F7}.Ad-Hoc|x86.ActiveCfg = Release|Any CPU
		{3EB77A1A-289F-40F9-B73D-D366117E23F7}.Ad-Hoc|x86.Build.0 = Release|Any CPU
		{3EB77A1A-289F-40F9-B73D-D366117E23F7}.AppStore|Any CPU.ActiveCfg = Release|Any CPU
		{3EB77A1A-289F-40F9-B73D-D366117E23F7}.AppStore|Any CPU.Build.0 = Release|Any CPU
		{3EB77A1A-289F-40F9-B73D-D366117E23F7}.AppStore|ARM.ActiveCfg = Release|Any CPU
		{3EB77A1A-289F-40F9-B73D-D366117E23F7}.AppStore|ARM.Build.0 = Release|Any CPU
		{3EB77A1A-289F-40F9-B73D-D366117E23F7}.AppStore|iPhone.ActiveCfg = Release|Any CPU
		{3EB77A1A-289F-40F9-B73D-D366117E23F7}.AppStore|iPhone.Build.0 = Release|Any CPU
		{3EB77A1A-289F-40F9-B73D-D366117E23F7}.AppStore|iPhoneSimulator.ActiveCfg = Release|Any CPU
		{3EB77A1A-289F-40F9-B73D-D366117E23F7}.AppStore|iPhoneSimulator.Build.0 = Release|Any CPU
		{3EB77A1A-289F-40F9-B73D-D366117E23F7}.AppStore|x64.ActiveCfg = Release|Any CPU
		{3EB77A1A-289F-40F9-B73D-D366117E23F7}.AppStore|x64.Build.0 = Release|Any CPU
		{3EB77A1A-289F-40F9-B73D-D366117E23F7}.AppStore|x86.ActiveCfg = Release|Any CPU
		{3EB77A1A-289F-40F9-B73D-D366117E23F7}.AppStore|x86.Build.0 = Release|Any CPU
		{3EB77A1A-289F-40F9-B73D-D366117E23F7}.Debug|Any CPU.ActiveCfg = Debug|Any CPU
		{3EB77A1A-289F-40F9-B73D-D366117E23F7}.Debug|Any CPU.Build.0 = Debug|Any CPU
		{3EB77A1A-289F-40F9-B73D-D366117E23F7}.Debug|ARM.ActiveCfg = Debug|Any CPU
		{3EB77A1A-289F-40F9-B73D-D366117E23F7}.Debug|ARM.Build.0 = Debug|Any CPU
		{3EB77A1A-289F-40F9-B73D-D366117E23F7}.Debug|iPhone.ActiveCfg = Debug|Any CPU
		{3EB77A1A-289F-40F9-B73D-D366117E23F7}.Debug|iPhone.Build.0 = Debug|Any CPU
		{3EB77A1A-289F-40F9-B73D-D366117E23F7}.Debug|iPhoneSimulator.ActiveCfg = Debug|Any CPU
		{3EB77A1A-289F-40F9-B73D-D366117E23F7}.Debug|iPhoneSimulator.Build.0 = Debug|Any CPU
		{3EB77A1A-289F-40F9-B73D-D366117E23F7}.Debug|x64.ActiveCfg = Debug|Any CPU
		{3EB77A1A-289F-40F9-B73D-D366117E23F7}.Debug|x64.Build.0 = Debug|Any CPU
		{3EB77A1A-289F-40F9-B73D-D366117E23F7}.Debug|x86.ActiveCfg = Debug|Any CPU
		{3EB77A1A-289F-40F9-B73D-D366117E23F7}.Debug|x86.Build.0 = Debug|Any CPU
		{3EB77A1A-289F-40F9-B73D-D366117E23F7}.Release|Any CPU.ActiveCfg = Release|Any CPU
		{3EB77A1A-289F-40F9-B73D-D366117E23F7}.Release|Any CPU.Build.0 = Release|Any CPU
		{3EB77A1A-289F-40F9-B73D-D366117E23F7}.Release|ARM.ActiveCfg = Release|Any CPU
		{3EB77A1A-289F-40F9-B73D-D366117E23F7}.Release|ARM.Build.0 = Release|Any CPU
		{3EB77A1A-289F-40F9-B73D-D366117E23F7}.Release|iPhone.ActiveCfg = Release|Any CPU
		{3EB77A1A-289F-40F9-B73D-D366117E23F7}.Release|iPhone.Build.0 = Release|Any CPU
		{3EB77A1A-289F-40F9-B73D-D366117E23F7}.Release|iPhoneSimulator.ActiveCfg = Release|Any CPU
		{3EB77A1A-289F-40F9-B73D-D366117E23F7}.Release|iPhoneSimulator.Build.0 = Release|Any CPU
		{3EB77A1A-289F-40F9-B73D-D366117E23F7}.Release|x64.ActiveCfg = Release|Any CPU
		{3EB77A1A-289F-40F9-B73D-D366117E23F7}.Release|x64.Build.0 = Release|Any CPU
		{3EB77A1A-289F-40F9-B73D-D366117E23F7}.Release|x86.ActiveCfg = Release|Any CPU
		{3EB77A1A-289F-40F9-B73D-D366117E23F7}.Release|x86.Build.0 = Release|Any CPU
		{CE1720BB-1387-460C-8E83-E7C35E83A127}.Ad-Hoc|Any CPU.ActiveCfg = Release|Any CPU
		{CE1720BB-1387-460C-8E83-E7C35E83A127}.Ad-Hoc|Any CPU.Build.0 = Release|Any CPU
		{CE1720BB-1387-460C-8E83-E7C35E83A127}.Ad-Hoc|ARM.ActiveCfg = Release|Any CPU
		{CE1720BB-1387-460C-8E83-E7C35E83A127}.Ad-Hoc|ARM.Build.0 = Release|Any CPU
		{CE1720BB-1387-460C-8E83-E7C35E83A127}.Ad-Hoc|iPhone.ActiveCfg = Release|Any CPU
		{CE1720BB-1387-460C-8E83-E7C35E83A127}.Ad-Hoc|iPhone.Build.0 = Release|Any CPU
		{CE1720BB-1387-460C-8E83-E7C35E83A127}.Ad-Hoc|iPhoneSimulator.ActiveCfg = Release|Any CPU
		{CE1720BB-1387-460C-8E83-E7C35E83A127}.Ad-Hoc|iPhoneSimulator.Build.0 = Release|Any CPU
		{CE1720BB-1387-460C-8E83-E7C35E83A127}.Ad-Hoc|x64.ActiveCfg = Release|Any CPU
		{CE1720BB-1387-460C-8E83-E7C35E83A127}.Ad-Hoc|x64.Build.0 = Release|Any CPU
		{CE1720BB-1387-460C-8E83-E7C35E83A127}.Ad-Hoc|x86.ActiveCfg = Release|Any CPU
		{CE1720BB-1387-460C-8E83-E7C35E83A127}.Ad-Hoc|x86.Build.0 = Release|Any CPU
		{CE1720BB-1387-460C-8E83-E7C35E83A127}.AppStore|Any CPU.ActiveCfg = Release|Any CPU
		{CE1720BB-1387-460C-8E83-E7C35E83A127}.AppStore|Any CPU.Build.0 = Release|Any CPU
		{CE1720BB-1387-460C-8E83-E7C35E83A127}.AppStore|ARM.ActiveCfg = Release|Any CPU
		{CE1720BB-1387-460C-8E83-E7C35E83A127}.AppStore|ARM.Build.0 = Release|Any CPU
		{CE1720BB-1387-460C-8E83-E7C35E83A127}.AppStore|iPhone.ActiveCfg = Release|Any CPU
		{CE1720BB-1387-460C-8E83-E7C35E83A127}.AppStore|iPhone.Build.0 = Release|Any CPU
		{CE1720BB-1387-460C-8E83-E7C35E83A127}.AppStore|iPhoneSimulator.ActiveCfg = Release|Any CPU
		{CE1720BB-1387-460C-8E83-E7C35E83A127}.AppStore|iPhoneSimulator.Build.0 = Release|Any CPU
		{CE1720BB-1387-460C-8E83-E7C35E83A127}.AppStore|x64.ActiveCfg = Release|Any CPU
		{CE1720BB-1387-460C-8E83-E7C35E83A127}.AppStore|x64.Build.0 = Release|Any CPU
		{CE1720BB-1387-460C-8E83-E7C35E83A127}.AppStore|x86.ActiveCfg = Release|Any CPU
		{CE1720BB-1387-460C-8E83-E7C35E83A127}.AppStore|x86.Build.0 = Release|Any CPU
		{CE1720BB-1387-460C-8E83-E7C35E83A127}.Debug|Any CPU.ActiveCfg = Debug|Any CPU
		{CE1720BB-1387-460C-8E83-E7C35E83A127}.Debug|Any CPU.Build.0 = Debug|Any CPU
		{CE1720BB-1387-460C-8E83-E7C35E83A127}.Debug|ARM.ActiveCfg = Debug|Any CPU
		{CE1720BB-1387-460C-8E83-E7C35E83A127}.Debug|ARM.Build.0 = Debug|Any CPU
		{CE1720BB-1387-460C-8E83-E7C35E83A127}.Debug|iPhone.ActiveCfg = Debug|Any CPU
		{CE1720BB-1387-460C-8E83-E7C35E83A127}.Debug|iPhone.Build.0 = Debug|Any CPU
		{CE1720BB-1387-460C-8E83-E7C35E83A127}.Debug|iPhoneSimulator.ActiveCfg = Debug|Any CPU
		{CE1720BB-1387-460C-8E83-E7C35E83A127}.Debug|iPhoneSimulator.Build.0 = Debug|Any CPU
		{CE1720BB-1387-460C-8E83-E7C35E83A127}.Debug|x64.ActiveCfg = Debug|Any CPU
		{CE1720BB-1387-460C-8E83-E7C35E83A127}.Debug|x64.Build.0 = Debug|Any CPU
		{CE1720BB-1387-460C-8E83-E7C35E83A127}.Debug|x86.ActiveCfg = Debug|Any CPU
		{CE1720BB-1387-460C-8E83-E7C35E83A127}.Debug|x86.Build.0 = Debug|Any CPU
		{CE1720BB-1387-460C-8E83-E7C35E83A127}.Release|Any CPU.ActiveCfg = Release|Any CPU
		{CE1720BB-1387-460C-8E83-E7C35E83A127}.Release|Any CPU.Build.0 = Release|Any CPU
		{CE1720BB-1387-460C-8E83-E7C35E83A127}.Release|ARM.ActiveCfg = Release|Any CPU
		{CE1720BB-1387-460C-8E83-E7C35E83A127}.Release|ARM.Build.0 = Release|Any CPU
		{CE1720BB-1387-460C-8E83-E7C35E83A127}.Release|iPhone.ActiveCfg = Release|Any CPU
		{CE1720BB-1387-460C-8E83-E7C35E83A127}.Release|iPhone.Build.0 = Release|Any CPU
		{CE1720BB-1387-460C-8E83-E7C35E83A127}.Release|iPhoneSimulator.ActiveCfg = Release|Any CPU
		{CE1720BB-1387-460C-8E83-E7C35E83A127}.Release|iPhoneSimulator.Build.0 = Release|Any CPU
		{CE1720BB-1387-460C-8E83-E7C35E83A127}.Release|x64.ActiveCfg = Release|Any CPU
		{CE1720BB-1387-460C-8E83-E7C35E83A127}.Release|x64.Build.0 = Release|Any CPU
		{CE1720BB-1387-460C-8E83-E7C35E83A127}.Release|x86.ActiveCfg = Release|Any CPU
		{CE1720BB-1387-460C-8E83-E7C35E83A127}.Release|x86.Build.0 = Release|Any CPU
		{4BF92A40-F71A-4BAC-A008-E75639FD5D53}.Ad-Hoc|Any CPU.ActiveCfg = Release|Any CPU
		{4BF92A40-F71A-4BAC-A008-E75639FD5D53}.Ad-Hoc|Any CPU.Build.0 = Release|Any CPU
		{4BF92A40-F71A-4BAC-A008-E75639FD5D53}.Ad-Hoc|ARM.ActiveCfg = Release|Any CPU
		{4BF92A40-F71A-4BAC-A008-E75639FD5D53}.Ad-Hoc|ARM.Build.0 = Release|Any CPU
		{4BF92A40-F71A-4BAC-A008-E75639FD5D53}.Ad-Hoc|iPhone.ActiveCfg = Release|Any CPU
		{4BF92A40-F71A-4BAC-A008-E75639FD5D53}.Ad-Hoc|iPhone.Build.0 = Release|Any CPU
		{4BF92A40-F71A-4BAC-A008-E75639FD5D53}.Ad-Hoc|iPhoneSimulator.ActiveCfg = Release|Any CPU
		{4BF92A40-F71A-4BAC-A008-E75639FD5D53}.Ad-Hoc|iPhoneSimulator.Build.0 = Release|Any CPU
		{4BF92A40-F71A-4BAC-A008-E75639FD5D53}.Ad-Hoc|x64.ActiveCfg = Release|Any CPU
		{4BF92A40-F71A-4BAC-A008-E75639FD5D53}.Ad-Hoc|x64.Build.0 = Release|Any CPU
		{4BF92A40-F71A-4BAC-A008-E75639FD5D53}.Ad-Hoc|x86.ActiveCfg = Release|Any CPU
		{4BF92A40-F71A-4BAC-A008-E75639FD5D53}.Ad-Hoc|x86.Build.0 = Release|Any CPU
		{4BF92A40-F71A-4BAC-A008-E75639FD5D53}.AppStore|Any CPU.ActiveCfg = Release|Any CPU
		{4BF92A40-F71A-4BAC-A008-E75639FD5D53}.AppStore|Any CPU.Build.0 = Release|Any CPU
		{4BF92A40-F71A-4BAC-A008-E75639FD5D53}.AppStore|ARM.ActiveCfg = Release|Any CPU
		{4BF92A40-F71A-4BAC-A008-E75639FD5D53}.AppStore|ARM.Build.0 = Release|Any CPU
		{4BF92A40-F71A-4BAC-A008-E75639FD5D53}.AppStore|iPhone.ActiveCfg = Release|Any CPU
		{4BF92A40-F71A-4BAC-A008-E75639FD5D53}.AppStore|iPhone.Build.0 = Release|Any CPU
		{4BF92A40-F71A-4BAC-A008-E75639FD5D53}.AppStore|iPhoneSimulator.ActiveCfg = Release|Any CPU
		{4BF92A40-F71A-4BAC-A008-E75639FD5D53}.AppStore|iPhoneSimulator.Build.0 = Release|Any CPU
		{4BF92A40-F71A-4BAC-A008-E75639FD5D53}.AppStore|x64.ActiveCfg = Release|Any CPU
		{4BF92A40-F71A-4BAC-A008-E75639FD5D53}.AppStore|x64.Build.0 = Release|Any CPU
		{4BF92A40-F71A-4BAC-A008-E75639FD5D53}.AppStore|x86.ActiveCfg = Release|Any CPU
		{4BF92A40-F71A-4BAC-A008-E75639FD5D53}.AppStore|x86.Build.0 = Release|Any CPU
		{4BF92A40-F71A-4BAC-A008-E75639FD5D53}.Debug|Any CPU.ActiveCfg = Debug|Any CPU
		{4BF92A40-F71A-4BAC-A008-E75639FD5D53}.Debug|Any CPU.Build.0 = Debug|Any CPU
		{4BF92A40-F71A-4BAC-A008-E75639FD5D53}.Debug|ARM.ActiveCfg = Debug|Any CPU
		{4BF92A40-F71A-4BAC-A008-E75639FD5D53}.Debug|ARM.Build.0 = Debug|Any CPU
		{4BF92A40-F71A-4BAC-A008-E75639FD5D53}.Debug|iPhone.ActiveCfg = Debug|Any CPU
		{4BF92A40-F71A-4BAC-A008-E75639FD5D53}.Debug|iPhone.Build.0 = Debug|Any CPU
		{4BF92A40-F71A-4BAC-A008-E75639FD5D53}.Debug|iPhoneSimulator.ActiveCfg = Debug|Any CPU
		{4BF92A40-F71A-4BAC-A008-E75639FD5D53}.Debug|iPhoneSimulator.Build.0 = Debug|Any CPU
		{4BF92A40-F71A-4BAC-A008-E75639FD5D53}.Debug|x64.ActiveCfg = Debug|Any CPU
		{4BF92A40-F71A-4BAC-A008-E75639FD5D53}.Debug|x64.Build.0 = Debug|Any CPU
		{4BF92A40-F71A-4BAC-A008-E75639FD5D53}.Debug|x86.ActiveCfg = Debug|Any CPU
		{4BF92A40-F71A-4BAC-A008-E75639FD5D53}.Debug|x86.Build.0 = Debug|Any CPU
		{4BF92A40-F71A-4BAC-A008-E75639FD5D53}.Release|Any CPU.ActiveCfg = Release|Any CPU
		{4BF92A40-F71A-4BAC-A008-E75639FD5D53}.Release|Any CPU.Build.0 = Release|Any CPU
		{4BF92A40-F71A-4BAC-A008-E75639FD5D53}.Release|ARM.ActiveCfg = Release|Any CPU
		{4BF92A40-F71A-4BAC-A008-E75639FD5D53}.Release|ARM.Build.0 = Release|Any CPU
		{4BF92A40-F71A-4BAC-A008-E75639FD5D53}.Release|iPhone.ActiveCfg = Release|Any CPU
		{4BF92A40-F71A-4BAC-A008-E75639FD5D53}.Release|iPhone.Build.0 = Release|Any CPU
		{4BF92A40-F71A-4BAC-A008-E75639FD5D53}.Release|iPhoneSimulator.ActiveCfg = Release|Any CPU
		{4BF92A40-F71A-4BAC-A008-E75639FD5D53}.Release|iPhoneSimulator.Build.0 = Release|Any CPU
		{4BF92A40-F71A-4BAC-A008-E75639FD5D53}.Release|x64.ActiveCfg = Release|Any CPU
		{4BF92A40-F71A-4BAC-A008-E75639FD5D53}.Release|x64.Build.0 = Release|Any CPU
		{4BF92A40-F71A-4BAC-A008-E75639FD5D53}.Release|x86.ActiveCfg = Release|Any CPU
		{4BF92A40-F71A-4BAC-A008-E75639FD5D53}.Release|x86.Build.0 = Release|Any CPU
		{8ADEC4B7-A8E6-4E24-ADB0-09D4E0D98F5F}.Ad-Hoc|Any CPU.ActiveCfg = Release|Any CPU
		{8ADEC4B7-A8E6-4E24-ADB0-09D4E0D98F5F}.Ad-Hoc|Any CPU.Build.0 = Release|Any CPU
		{8ADEC4B7-A8E6-4E24-ADB0-09D4E0D98F5F}.Ad-Hoc|ARM.ActiveCfg = Release|Any CPU
		{8ADEC4B7-A8E6-4E24-ADB0-09D4E0D98F5F}.Ad-Hoc|ARM.Build.0 = Release|Any CPU
		{8ADEC4B7-A8E6-4E24-ADB0-09D4E0D98F5F}.Ad-Hoc|iPhone.ActiveCfg = Release|Any CPU
		{8ADEC4B7-A8E6-4E24-ADB0-09D4E0D98F5F}.Ad-Hoc|iPhone.Build.0 = Release|Any CPU
		{8ADEC4B7-A8E6-4E24-ADB0-09D4E0D98F5F}.Ad-Hoc|iPhoneSimulator.ActiveCfg = Release|Any CPU
		{8ADEC4B7-A8E6-4E24-ADB0-09D4E0D98F5F}.Ad-Hoc|iPhoneSimulator.Build.0 = Release|Any CPU
		{8ADEC4B7-A8E6-4E24-ADB0-09D4E0D98F5F}.Ad-Hoc|x64.ActiveCfg = Release|Any CPU
		{8ADEC4B7-A8E6-4E24-ADB0-09D4E0D98F5F}.Ad-Hoc|x64.Build.0 = Release|Any CPU
		{8ADEC4B7-A8E6-4E24-ADB0-09D4E0D98F5F}.Ad-Hoc|x86.ActiveCfg = Release|Any CPU
		{8ADEC4B7-A8E6-4E24-ADB0-09D4E0D98F5F}.Ad-Hoc|x86.Build.0 = Release|Any CPU
		{8ADEC4B7-A8E6-4E24-ADB0-09D4E0D98F5F}.AppStore|Any CPU.ActiveCfg = Release|Any CPU
		{8ADEC4B7-A8E6-4E24-ADB0-09D4E0D98F5F}.AppStore|Any CPU.Build.0 = Release|Any CPU
		{8ADEC4B7-A8E6-4E24-ADB0-09D4E0D98F5F}.AppStore|ARM.ActiveCfg = Release|Any CPU
		{8ADEC4B7-A8E6-4E24-ADB0-09D4E0D98F5F}.AppStore|ARM.Build.0 = Release|Any CPU
		{8ADEC4B7-A8E6-4E24-ADB0-09D4E0D98F5F}.AppStore|iPhone.ActiveCfg = Release|Any CPU
		{8ADEC4B7-A8E6-4E24-ADB0-09D4E0D98F5F}.AppStore|iPhone.Build.0 = Release|Any CPU
		{8ADEC4B7-A8E6-4E24-ADB0-09D4E0D98F5F}.AppStore|iPhoneSimulator.ActiveCfg = Release|Any CPU
		{8ADEC4B7-A8E6-4E24-ADB0-09D4E0D98F5F}.AppStore|iPhoneSimulator.Build.0 = Release|Any CPU
		{8ADEC4B7-A8E6-4E24-ADB0-09D4E0D98F5F}.AppStore|x64.ActiveCfg = Release|Any CPU
		{8ADEC4B7-A8E6-4E24-ADB0-09D4E0D98F5F}.AppStore|x64.Build.0 = Release|Any CPU
		{8ADEC4B7-A8E6-4E24-ADB0-09D4E0D98F5F}.AppStore|x86.ActiveCfg = Release|Any CPU
		{8ADEC4B7-A8E6-4E24-ADB0-09D4E0D98F5F}.AppStore|x86.Build.0 = Release|Any CPU
		{8ADEC4B7-A8E6-4E24-ADB0-09D4E0D98F5F}.Debug|Any CPU.ActiveCfg = Debug|Any CPU
		{8ADEC4B7-A8E6-4E24-ADB0-09D4E0D98F5F}.Debug|Any CPU.Build.0 = Debug|Any CPU
		{8ADEC4B7-A8E6-4E24-ADB0-09D4E0D98F5F}.Debug|ARM.ActiveCfg = Debug|Any CPU
		{8ADEC4B7-A8E6-4E24-ADB0-09D4E0D98F5F}.Debug|ARM.Build.0 = Debug|Any CPU
		{8ADEC4B7-A8E6-4E24-ADB0-09D4E0D98F5F}.Debug|iPhone.ActiveCfg = Debug|Any CPU
		{8ADEC4B7-A8E6-4E24-ADB0-09D4E0D98F5F}.Debug|iPhone.Build.0 = Debug|Any CPU
		{8ADEC4B7-A8E6-4E24-ADB0-09D4E0D98F5F}.Debug|iPhoneSimulator.ActiveCfg = Debug|Any CPU
		{8ADEC4B7-A8E6-4E24-ADB0-09D4E0D98F5F}.Debug|iPhoneSimulator.Build.0 = Debug|Any CPU
		{8ADEC4B7-A8E6-4E24-ADB0-09D4E0D98F5F}.Debug|x64.ActiveCfg = Debug|Any CPU
		{8ADEC4B7-A8E6-4E24-ADB0-09D4E0D98F5F}.Debug|x64.Build.0 = Debug|Any CPU
		{8ADEC4B7-A8E6-4E24-ADB0-09D4E0D98F5F}.Debug|x86.ActiveCfg = Debug|Any CPU
		{8ADEC4B7-A8E6-4E24-ADB0-09D4E0D98F5F}.Debug|x86.Build.0 = Debug|Any CPU
		{8ADEC4B7-A8E6-4E24-ADB0-09D4E0D98F5F}.Release|Any CPU.ActiveCfg = Release|Any CPU
		{8ADEC4B7-A8E6-4E24-ADB0-09D4E0D98F5F}.Release|Any CPU.Build.0 = Release|Any CPU
		{8ADEC4B7-A8E6-4E24-ADB0-09D4E0D98F5F}.Release|ARM.ActiveCfg = Release|Any CPU
		{8ADEC4B7-A8E6-4E24-ADB0-09D4E0D98F5F}.Release|ARM.Build.0 = Release|Any CPU
		{8ADEC4B7-A8E6-4E24-ADB0-09D4E0D98F5F}.Release|iPhone.ActiveCfg = Release|Any CPU
		{8ADEC4B7-A8E6-4E24-ADB0-09D4E0D98F5F}.Release|iPhone.Build.0 = Release|Any CPU
		{8ADEC4B7-A8E6-4E24-ADB0-09D4E0D98F5F}.Release|iPhoneSimulator.ActiveCfg = Release|Any CPU
		{8ADEC4B7-A8E6-4E24-ADB0-09D4E0D98F5F}.Release|iPhoneSimulator.Build.0 = Release|Any CPU
		{8ADEC4B7-A8E6-4E24-ADB0-09D4E0D98F5F}.Release|x64.ActiveCfg = Release|Any CPU
		{8ADEC4B7-A8E6-4E24-ADB0-09D4E0D98F5F}.Release|x64.Build.0 = Release|Any CPU
		{8ADEC4B7-A8E6-4E24-ADB0-09D4E0D98F5F}.Release|x86.ActiveCfg = Release|Any CPU
		{8ADEC4B7-A8E6-4E24-ADB0-09D4E0D98F5F}.Release|x86.Build.0 = Release|Any CPU
		{249534E8-FB24-4083-8186-4CCC844F0305}.Ad-Hoc|Any CPU.ActiveCfg = Release|Any CPU
		{249534E8-FB24-4083-8186-4CCC844F0305}.Ad-Hoc|Any CPU.Build.0 = Release|Any CPU
		{249534E8-FB24-4083-8186-4CCC844F0305}.Ad-Hoc|ARM.ActiveCfg = Release|Any CPU
		{249534E8-FB24-4083-8186-4CCC844F0305}.Ad-Hoc|ARM.Build.0 = Release|Any CPU
		{249534E8-FB24-4083-8186-4CCC844F0305}.Ad-Hoc|iPhone.ActiveCfg = Release|Any CPU
		{249534E8-FB24-4083-8186-4CCC844F0305}.Ad-Hoc|iPhone.Build.0 = Release|Any CPU
		{249534E8-FB24-4083-8186-4CCC844F0305}.Ad-Hoc|iPhoneSimulator.ActiveCfg = Release|Any CPU
		{249534E8-FB24-4083-8186-4CCC844F0305}.Ad-Hoc|iPhoneSimulator.Build.0 = Release|Any CPU
		{249534E8-FB24-4083-8186-4CCC844F0305}.Ad-Hoc|x64.ActiveCfg = Release|Any CPU
		{249534E8-FB24-4083-8186-4CCC844F0305}.Ad-Hoc|x64.Build.0 = Release|Any CPU
		{249534E8-FB24-4083-8186-4CCC844F0305}.Ad-Hoc|x86.ActiveCfg = Release|Any CPU
		{249534E8-FB24-4083-8186-4CCC844F0305}.Ad-Hoc|x86.Build.0 = Release|Any CPU
		{249534E8-FB24-4083-8186-4CCC844F0305}.AppStore|Any CPU.ActiveCfg = Release|Any CPU
		{249534E8-FB24-4083-8186-4CCC844F0305}.AppStore|Any CPU.Build.0 = Release|Any CPU
		{249534E8-FB24-4083-8186-4CCC844F0305}.AppStore|ARM.ActiveCfg = Release|Any CPU
		{249534E8-FB24-4083-8186-4CCC844F0305}.AppStore|ARM.Build.0 = Release|Any CPU
		{249534E8-FB24-4083-8186-4CCC844F0305}.AppStore|iPhone.ActiveCfg = Release|Any CPU
		{249534E8-FB24-4083-8186-4CCC844F0305}.AppStore|iPhone.Build.0 = Release|Any CPU
		{249534E8-FB24-4083-8186-4CCC844F0305}.AppStore|iPhoneSimulator.ActiveCfg = Release|Any CPU
		{249534E8-FB24-4083-8186-4CCC844F0305}.AppStore|iPhoneSimulator.Build.0 = Release|Any CPU
		{249534E8-FB24-4083-8186-4CCC844F0305}.AppStore|x64.ActiveCfg = Release|Any CPU
		{249534E8-FB24-4083-8186-4CCC844F0305}.AppStore|x64.Build.0 = Release|Any CPU
		{249534E8-FB24-4083-8186-4CCC844F0305}.AppStore|x86.ActiveCfg = Release|Any CPU
		{249534E8-FB24-4083-8186-4CCC844F0305}.AppStore|x86.Build.0 = Release|Any CPU
		{249534E8-FB24-4083-8186-4CCC844F0305}.Debug|Any CPU.ActiveCfg = Debug|Any CPU
		{249534E8-FB24-4083-8186-4CCC844F0305}.Debug|Any CPU.Build.0 = Debug|Any CPU
		{249534E8-FB24-4083-8186-4CCC844F0305}.Debug|ARM.ActiveCfg = Debug|Any CPU
		{249534E8-FB24-4083-8186-4CCC844F0305}.Debug|ARM.Build.0 = Debug|Any CPU
		{249534E8-FB24-4083-8186-4CCC844F0305}.Debug|iPhone.ActiveCfg = Debug|Any CPU
		{249534E8-FB24-4083-8186-4CCC844F0305}.Debug|iPhone.Build.0 = Debug|Any CPU
		{249534E8-FB24-4083-8186-4CCC844F0305}.Debug|iPhoneSimulator.ActiveCfg = Debug|Any CPU
		{249534E8-FB24-4083-8186-4CCC844F0305}.Debug|iPhoneSimulator.Build.0 = Debug|Any CPU
		{249534E8-FB24-4083-8186-4CCC844F0305}.Debug|x64.ActiveCfg = Debug|Any CPU
		{249534E8-FB24-4083-8186-4CCC844F0305}.Debug|x64.Build.0 = Debug|Any CPU
		{249534E8-FB24-4083-8186-4CCC844F0305}.Debug|x86.ActiveCfg = Debug|Any CPU
		{249534E8-FB24-4083-8186-4CCC844F0305}.Debug|x86.Build.0 = Debug|Any CPU
		{249534E8-FB24-4083-8186-4CCC844F0305}.Release|Any CPU.ActiveCfg = Release|Any CPU
		{249534E8-FB24-4083-8186-4CCC844F0305}.Release|Any CPU.Build.0 = Release|Any CPU
		{249534E8-FB24-4083-8186-4CCC844F0305}.Release|ARM.ActiveCfg = Release|Any CPU
		{249534E8-FB24-4083-8186-4CCC844F0305}.Release|ARM.Build.0 = Release|Any CPU
		{249534E8-FB24-4083-8186-4CCC844F0305}.Release|iPhone.ActiveCfg = Release|Any CPU
		{249534E8-FB24-4083-8186-4CCC844F0305}.Release|iPhone.Build.0 = Release|Any CPU
		{249534E8-FB24-4083-8186-4CCC844F0305}.Release|iPhoneSimulator.ActiveCfg = Release|Any CPU
		{249534E8-FB24-4083-8186-4CCC844F0305}.Release|iPhoneSimulator.Build.0 = Release|Any CPU
		{249534E8-FB24-4083-8186-4CCC844F0305}.Release|x64.ActiveCfg = Release|Any CPU
		{249534E8-FB24-4083-8186-4CCC844F0305}.Release|x64.Build.0 = Release|Any CPU
		{249534E8-FB24-4083-8186-4CCC844F0305}.Release|x86.ActiveCfg = Release|Any CPU
		{249534E8-FB24-4083-8186-4CCC844F0305}.Release|x86.Build.0 = Release|Any CPU
		{B5ABB66D-4E26-4EBC-A33F-13596C7CA03C}.Ad-Hoc|Any CPU.ActiveCfg = Debug|Any CPU
		{B5ABB66D-4E26-4EBC-A33F-13596C7CA03C}.Ad-Hoc|Any CPU.Build.0 = Debug|Any CPU
		{B5ABB66D-4E26-4EBC-A33F-13596C7CA03C}.Ad-Hoc|ARM.ActiveCfg = Debug|Any CPU
		{B5ABB66D-4E26-4EBC-A33F-13596C7CA03C}.Ad-Hoc|ARM.Build.0 = Debug|Any CPU
		{B5ABB66D-4E26-4EBC-A33F-13596C7CA03C}.Ad-Hoc|iPhone.ActiveCfg = Debug|Any CPU
		{B5ABB66D-4E26-4EBC-A33F-13596C7CA03C}.Ad-Hoc|iPhone.Build.0 = Debug|Any CPU
		{B5ABB66D-4E26-4EBC-A33F-13596C7CA03C}.Ad-Hoc|iPhoneSimulator.ActiveCfg = Debug|Any CPU
		{B5ABB66D-4E26-4EBC-A33F-13596C7CA03C}.Ad-Hoc|iPhoneSimulator.Build.0 = Debug|Any CPU
		{B5ABB66D-4E26-4EBC-A33F-13596C7CA03C}.Ad-Hoc|x64.ActiveCfg = Debug|Any CPU
		{B5ABB66D-4E26-4EBC-A33F-13596C7CA03C}.Ad-Hoc|x64.Build.0 = Debug|Any CPU
		{B5ABB66D-4E26-4EBC-A33F-13596C7CA03C}.Ad-Hoc|x86.ActiveCfg = Debug|Any CPU
		{B5ABB66D-4E26-4EBC-A33F-13596C7CA03C}.Ad-Hoc|x86.Build.0 = Debug|Any CPU
		{B5ABB66D-4E26-4EBC-A33F-13596C7CA03C}.AppStore|Any CPU.ActiveCfg = Debug|Any CPU
		{B5ABB66D-4E26-4EBC-A33F-13596C7CA03C}.AppStore|Any CPU.Build.0 = Debug|Any CPU
		{B5ABB66D-4E26-4EBC-A33F-13596C7CA03C}.AppStore|ARM.ActiveCfg = Debug|Any CPU
		{B5ABB66D-4E26-4EBC-A33F-13596C7CA03C}.AppStore|ARM.Build.0 = Debug|Any CPU
		{B5ABB66D-4E26-4EBC-A33F-13596C7CA03C}.AppStore|iPhone.ActiveCfg = Debug|Any CPU
		{B5ABB66D-4E26-4EBC-A33F-13596C7CA03C}.AppStore|iPhone.Build.0 = Debug|Any CPU
		{B5ABB66D-4E26-4EBC-A33F-13596C7CA03C}.AppStore|iPhoneSimulator.ActiveCfg = Debug|Any CPU
		{B5ABB66D-4E26-4EBC-A33F-13596C7CA03C}.AppStore|iPhoneSimulator.Build.0 = Debug|Any CPU
		{B5ABB66D-4E26-4EBC-A33F-13596C7CA03C}.AppStore|x64.ActiveCfg = Debug|Any CPU
		{B5ABB66D-4E26-4EBC-A33F-13596C7CA03C}.AppStore|x64.Build.0 = Debug|Any CPU
		{B5ABB66D-4E26-4EBC-A33F-13596C7CA03C}.AppStore|x86.ActiveCfg = Debug|Any CPU
		{B5ABB66D-4E26-4EBC-A33F-13596C7CA03C}.AppStore|x86.Build.0 = Debug|Any CPU
		{B5ABB66D-4E26-4EBC-A33F-13596C7CA03C}.Debug|Any CPU.ActiveCfg = Debug|Any CPU
		{B5ABB66D-4E26-4EBC-A33F-13596C7CA03C}.Debug|Any CPU.Build.0 = Debug|Any CPU
		{B5ABB66D-4E26-4EBC-A33F-13596C7CA03C}.Debug|ARM.ActiveCfg = Debug|Any CPU
		{B5ABB66D-4E26-4EBC-A33F-13596C7CA03C}.Debug|ARM.Build.0 = Debug|Any CPU
		{B5ABB66D-4E26-4EBC-A33F-13596C7CA03C}.Debug|iPhone.ActiveCfg = Debug|Any CPU
		{B5ABB66D-4E26-4EBC-A33F-13596C7CA03C}.Debug|iPhone.Build.0 = Debug|Any CPU
		{B5ABB66D-4E26-4EBC-A33F-13596C7CA03C}.Debug|iPhoneSimulator.ActiveCfg = Debug|Any CPU
		{B5ABB66D-4E26-4EBC-A33F-13596C7CA03C}.Debug|iPhoneSimulator.Build.0 = Debug|Any CPU
		{B5ABB66D-4E26-4EBC-A33F-13596C7CA03C}.Debug|x64.ActiveCfg = Debug|Any CPU
		{B5ABB66D-4E26-4EBC-A33F-13596C7CA03C}.Debug|x64.Build.0 = Debug|Any CPU
		{B5ABB66D-4E26-4EBC-A33F-13596C7CA03C}.Debug|x86.ActiveCfg = Debug|Any CPU
		{B5ABB66D-4E26-4EBC-A33F-13596C7CA03C}.Debug|x86.Build.0 = Debug|Any CPU
		{B5ABB66D-4E26-4EBC-A33F-13596C7CA03C}.Release|Any CPU.ActiveCfg = Release|Any CPU
		{B5ABB66D-4E26-4EBC-A33F-13596C7CA03C}.Release|Any CPU.Build.0 = Release|Any CPU
		{B5ABB66D-4E26-4EBC-A33F-13596C7CA03C}.Release|ARM.ActiveCfg = Release|Any CPU
		{B5ABB66D-4E26-4EBC-A33F-13596C7CA03C}.Release|ARM.Build.0 = Release|Any CPU
		{B5ABB66D-4E26-4EBC-A33F-13596C7CA03C}.Release|iPhone.ActiveCfg = Release|Any CPU
		{B5ABB66D-4E26-4EBC-A33F-13596C7CA03C}.Release|iPhone.Build.0 = Release|Any CPU
		{B5ABB66D-4E26-4EBC-A33F-13596C7CA03C}.Release|iPhoneSimulator.ActiveCfg = Release|Any CPU
		{B5ABB66D-4E26-4EBC-A33F-13596C7CA03C}.Release|iPhoneSimulator.Build.0 = Release|Any CPU
		{B5ABB66D-4E26-4EBC-A33F-13596C7CA03C}.Release|x64.ActiveCfg = Release|Any CPU
		{B5ABB66D-4E26-4EBC-A33F-13596C7CA03C}.Release|x64.Build.0 = Release|Any CPU
		{B5ABB66D-4E26-4EBC-A33F-13596C7CA03C}.Release|x86.ActiveCfg = Release|Any CPU
		{B5ABB66D-4E26-4EBC-A33F-13596C7CA03C}.Release|x86.Build.0 = Release|Any CPU
		{45461BB0-686C-4E09-811E-BDA86D2D10BB}.Ad-Hoc|Any CPU.ActiveCfg = Debug|Any CPU
		{45461BB0-686C-4E09-811E-BDA86D2D10BB}.Ad-Hoc|Any CPU.Build.0 = Debug|Any CPU
		{45461BB0-686C-4E09-811E-BDA86D2D10BB}.Ad-Hoc|ARM.ActiveCfg = Debug|Any CPU
		{45461BB0-686C-4E09-811E-BDA86D2D10BB}.Ad-Hoc|ARM.Build.0 = Debug|Any CPU
		{45461BB0-686C-4E09-811E-BDA86D2D10BB}.Ad-Hoc|iPhone.ActiveCfg = Debug|Any CPU
		{45461BB0-686C-4E09-811E-BDA86D2D10BB}.Ad-Hoc|iPhone.Build.0 = Debug|Any CPU
		{45461BB0-686C-4E09-811E-BDA86D2D10BB}.Ad-Hoc|iPhoneSimulator.ActiveCfg = Debug|Any CPU
		{45461BB0-686C-4E09-811E-BDA86D2D10BB}.Ad-Hoc|iPhoneSimulator.Build.0 = Debug|Any CPU
		{45461BB0-686C-4E09-811E-BDA86D2D10BB}.Ad-Hoc|x64.ActiveCfg = Debug|Any CPU
		{45461BB0-686C-4E09-811E-BDA86D2D10BB}.Ad-Hoc|x64.Build.0 = Debug|Any CPU
		{45461BB0-686C-4E09-811E-BDA86D2D10BB}.Ad-Hoc|x86.ActiveCfg = Debug|Any CPU
		{45461BB0-686C-4E09-811E-BDA86D2D10BB}.Ad-Hoc|x86.Build.0 = Debug|Any CPU
		{45461BB0-686C-4E09-811E-BDA86D2D10BB}.AppStore|Any CPU.ActiveCfg = Debug|Any CPU
		{45461BB0-686C-4E09-811E-BDA86D2D10BB}.AppStore|Any CPU.Build.0 = Debug|Any CPU
		{45461BB0-686C-4E09-811E-BDA86D2D10BB}.AppStore|ARM.ActiveCfg = Debug|Any CPU
		{45461BB0-686C-4E09-811E-BDA86D2D10BB}.AppStore|ARM.Build.0 = Debug|Any CPU
		{45461BB0-686C-4E09-811E-BDA86D2D10BB}.AppStore|iPhone.ActiveCfg = Debug|Any CPU
		{45461BB0-686C-4E09-811E-BDA86D2D10BB}.AppStore|iPhone.Build.0 = Debug|Any CPU
		{45461BB0-686C-4E09-811E-BDA86D2D10BB}.AppStore|iPhoneSimulator.ActiveCfg = Debug|Any CPU
		{45461BB0-686C-4E09-811E-BDA86D2D10BB}.AppStore|iPhoneSimulator.Build.0 = Debug|Any CPU
		{45461BB0-686C-4E09-811E-BDA86D2D10BB}.AppStore|x64.ActiveCfg = Debug|Any CPU
		{45461BB0-686C-4E09-811E-BDA86D2D10BB}.AppStore|x64.Build.0 = Debug|Any CPU
		{45461BB0-686C-4E09-811E-BDA86D2D10BB}.AppStore|x86.ActiveCfg = Debug|Any CPU
		{45461BB0-686C-4E09-811E-BDA86D2D10BB}.AppStore|x86.Build.0 = Debug|Any CPU
		{45461BB0-686C-4E09-811E-BDA86D2D10BB}.Debug|Any CPU.ActiveCfg = Debug|Any CPU
		{45461BB0-686C-4E09-811E-BDA86D2D10BB}.Debug|Any CPU.Build.0 = Debug|Any CPU
		{45461BB0-686C-4E09-811E-BDA86D2D10BB}.Debug|ARM.ActiveCfg = Debug|Any CPU
		{45461BB0-686C-4E09-811E-BDA86D2D10BB}.Debug|ARM.Build.0 = Debug|Any CPU
		{45461BB0-686C-4E09-811E-BDA86D2D10BB}.Debug|iPhone.ActiveCfg = Debug|Any CPU
		{45461BB0-686C-4E09-811E-BDA86D2D10BB}.Debug|iPhone.Build.0 = Debug|Any CPU
		{45461BB0-686C-4E09-811E-BDA86D2D10BB}.Debug|iPhoneSimulator.ActiveCfg = Debug|Any CPU
		{45461BB0-686C-4E09-811E-BDA86D2D10BB}.Debug|iPhoneSimulator.Build.0 = Debug|Any CPU
		{45461BB0-686C-4E09-811E-BDA86D2D10BB}.Debug|x64.ActiveCfg = Debug|Any CPU
		{45461BB0-686C-4E09-811E-BDA86D2D10BB}.Debug|x64.Build.0 = Debug|Any CPU
		{45461BB0-686C-4E09-811E-BDA86D2D10BB}.Debug|x86.ActiveCfg = Debug|Any CPU
		{45461BB0-686C-4E09-811E-BDA86D2D10BB}.Debug|x86.Build.0 = Debug|Any CPU
		{45461BB0-686C-4E09-811E-BDA86D2D10BB}.Release|Any CPU.ActiveCfg = Release|Any CPU
		{45461BB0-686C-4E09-811E-BDA86D2D10BB}.Release|Any CPU.Build.0 = Release|Any CPU
		{45461BB0-686C-4E09-811E-BDA86D2D10BB}.Release|ARM.ActiveCfg = Release|Any CPU
		{45461BB0-686C-4E09-811E-BDA86D2D10BB}.Release|ARM.Build.0 = Release|Any CPU
		{45461BB0-686C-4E09-811E-BDA86D2D10BB}.Release|iPhone.ActiveCfg = Release|Any CPU
		{45461BB0-686C-4E09-811E-BDA86D2D10BB}.Release|iPhone.Build.0 = Release|Any CPU
		{45461BB0-686C-4E09-811E-BDA86D2D10BB}.Release|iPhoneSimulator.ActiveCfg = Release|Any CPU
		{45461BB0-686C-4E09-811E-BDA86D2D10BB}.Release|iPhoneSimulator.Build.0 = Release|Any CPU
		{45461BB0-686C-4E09-811E-BDA86D2D10BB}.Release|x64.ActiveCfg = Release|Any CPU
		{45461BB0-686C-4E09-811E-BDA86D2D10BB}.Release|x64.Build.0 = Release|Any CPU
		{45461BB0-686C-4E09-811E-BDA86D2D10BB}.Release|x86.ActiveCfg = Release|Any CPU
		{45461BB0-686C-4E09-811E-BDA86D2D10BB}.Release|x86.Build.0 = Release|Any CPU
		{3BE2DF7B-32D8-4D46-8CC1-54EA11253667}.Ad-Hoc|Any CPU.ActiveCfg = Release|Any CPU
		{3BE2DF7B-32D8-4D46-8CC1-54EA11253667}.Ad-Hoc|Any CPU.Build.0 = Release|Any CPU
		{3BE2DF7B-32D8-4D46-8CC1-54EA11253667}.Ad-Hoc|ARM.ActiveCfg = Release|Any CPU
		{3BE2DF7B-32D8-4D46-8CC1-54EA11253667}.Ad-Hoc|ARM.Build.0 = Release|Any CPU
		{3BE2DF7B-32D8-4D46-8CC1-54EA11253667}.Ad-Hoc|iPhone.ActiveCfg = Release|Any CPU
		{3BE2DF7B-32D8-4D46-8CC1-54EA11253667}.Ad-Hoc|iPhone.Build.0 = Release|Any CPU
		{3BE2DF7B-32D8-4D46-8CC1-54EA11253667}.Ad-Hoc|iPhoneSimulator.ActiveCfg = Release|Any CPU
		{3BE2DF7B-32D8-4D46-8CC1-54EA11253667}.Ad-Hoc|iPhoneSimulator.Build.0 = Release|Any CPU
		{3BE2DF7B-32D8-4D46-8CC1-54EA11253667}.Ad-Hoc|x64.ActiveCfg = Release|Any CPU
		{3BE2DF7B-32D8-4D46-8CC1-54EA11253667}.Ad-Hoc|x64.Build.0 = Release|Any CPU
		{3BE2DF7B-32D8-4D46-8CC1-54EA11253667}.Ad-Hoc|x86.ActiveCfg = Release|Any CPU
		{3BE2DF7B-32D8-4D46-8CC1-54EA11253667}.Ad-Hoc|x86.Build.0 = Release|Any CPU
		{3BE2DF7B-32D8-4D46-8CC1-54EA11253667}.AppStore|Any CPU.ActiveCfg = Release|Any CPU
		{3BE2DF7B-32D8-4D46-8CC1-54EA11253667}.AppStore|Any CPU.Build.0 = Release|Any CPU
		{3BE2DF7B-32D8-4D46-8CC1-54EA11253667}.AppStore|ARM.ActiveCfg = Release|Any CPU
		{3BE2DF7B-32D8-4D46-8CC1-54EA11253667}.AppStore|ARM.Build.0 = Release|Any CPU
		{3BE2DF7B-32D8-4D46-8CC1-54EA11253667}.AppStore|iPhone.ActiveCfg = Release|Any CPU
		{3BE2DF7B-32D8-4D46-8CC1-54EA11253667}.AppStore|iPhone.Build.0 = Release|Any CPU
		{3BE2DF7B-32D8-4D46-8CC1-54EA11253667}.AppStore|iPhoneSimulator.ActiveCfg = Release|Any CPU
		{3BE2DF7B-32D8-4D46-8CC1-54EA11253667}.AppStore|iPhoneSimulator.Build.0 = Release|Any CPU
		{3BE2DF7B-32D8-4D46-8CC1-54EA11253667}.AppStore|x64.ActiveCfg = Release|Any CPU
		{3BE2DF7B-32D8-4D46-8CC1-54EA11253667}.AppStore|x64.Build.0 = Release|Any CPU
		{3BE2DF7B-32D8-4D46-8CC1-54EA11253667}.AppStore|x86.ActiveCfg = Release|Any CPU
		{3BE2DF7B-32D8-4D46-8CC1-54EA11253667}.AppStore|x86.Build.0 = Release|Any CPU
		{3BE2DF7B-32D8-4D46-8CC1-54EA11253667}.Debug|Any CPU.ActiveCfg = Debug|Any CPU
		{3BE2DF7B-32D8-4D46-8CC1-54EA11253667}.Debug|Any CPU.Build.0 = Debug|Any CPU
		{3BE2DF7B-32D8-4D46-8CC1-54EA11253667}.Debug|ARM.ActiveCfg = Debug|Any CPU
		{3BE2DF7B-32D8-4D46-8CC1-54EA11253667}.Debug|ARM.Build.0 = Debug|Any CPU
		{3BE2DF7B-32D8-4D46-8CC1-54EA11253667}.Debug|iPhone.ActiveCfg = Debug|Any CPU
		{3BE2DF7B-32D8-4D46-8CC1-54EA11253667}.Debug|iPhone.Build.0 = Debug|Any CPU
		{3BE2DF7B-32D8-4D46-8CC1-54EA11253667}.Debug|iPhoneSimulator.ActiveCfg = Debug|Any CPU
		{3BE2DF7B-32D8-4D46-8CC1-54EA11253667}.Debug|iPhoneSimulator.Build.0 = Debug|Any CPU
		{3BE2DF7B-32D8-4D46-8CC1-54EA11253667}.Debug|x64.ActiveCfg = Debug|Any CPU
		{3BE2DF7B-32D8-4D46-8CC1-54EA11253667}.Debug|x64.Build.0 = Debug|Any CPU
		{3BE2DF7B-32D8-4D46-8CC1-54EA11253667}.Debug|x86.ActiveCfg = Debug|Any CPU
		{3BE2DF7B-32D8-4D46-8CC1-54EA11253667}.Debug|x86.Build.0 = Debug|Any CPU
		{3BE2DF7B-32D8-4D46-8CC1-54EA11253667}.Release|Any CPU.ActiveCfg = Release|Any CPU
		{3BE2DF7B-32D8-4D46-8CC1-54EA11253667}.Release|Any CPU.Build.0 = Release|Any CPU
		{3BE2DF7B-32D8-4D46-8CC1-54EA11253667}.Release|ARM.ActiveCfg = Release|Any CPU
		{3BE2DF7B-32D8-4D46-8CC1-54EA11253667}.Release|ARM.Build.0 = Release|Any CPU
		{3BE2DF7B-32D8-4D46-8CC1-54EA11253667}.Release|iPhone.ActiveCfg = Release|Any CPU
		{3BE2DF7B-32D8-4D46-8CC1-54EA11253667}.Release|iPhone.Build.0 = Release|Any CPU
		{3BE2DF7B-32D8-4D46-8CC1-54EA11253667}.Release|iPhoneSimulator.ActiveCfg = Release|Any CPU
		{3BE2DF7B-32D8-4D46-8CC1-54EA11253667}.Release|iPhoneSimulator.Build.0 = Release|Any CPU
		{3BE2DF7B-32D8-4D46-8CC1-54EA11253667}.Release|x64.ActiveCfg = Release|Any CPU
		{3BE2DF7B-32D8-4D46-8CC1-54EA11253667}.Release|x64.Build.0 = Release|Any CPU
		{3BE2DF7B-32D8-4D46-8CC1-54EA11253667}.Release|x86.ActiveCfg = Release|Any CPU
		{3BE2DF7B-32D8-4D46-8CC1-54EA11253667}.Release|x86.Build.0 = Release|Any CPU
		{B61AAD44-9342-4BFF-B660-0C2479C735D7}.Ad-Hoc|Any CPU.ActiveCfg = Debug|Any CPU
		{B61AAD44-9342-4BFF-B660-0C2479C735D7}.Ad-Hoc|Any CPU.Build.0 = Debug|Any CPU
		{B61AAD44-9342-4BFF-B660-0C2479C735D7}.Ad-Hoc|ARM.ActiveCfg = Debug|Any CPU
		{B61AAD44-9342-4BFF-B660-0C2479C735D7}.Ad-Hoc|ARM.Build.0 = Debug|Any CPU
		{B61AAD44-9342-4BFF-B660-0C2479C735D7}.Ad-Hoc|iPhone.ActiveCfg = Debug|Any CPU
		{B61AAD44-9342-4BFF-B660-0C2479C735D7}.Ad-Hoc|iPhone.Build.0 = Debug|Any CPU
		{B61AAD44-9342-4BFF-B660-0C2479C735D7}.Ad-Hoc|iPhoneSimulator.ActiveCfg = Debug|Any CPU
		{B61AAD44-9342-4BFF-B660-0C2479C735D7}.Ad-Hoc|iPhoneSimulator.Build.0 = Debug|Any CPU
		{B61AAD44-9342-4BFF-B660-0C2479C735D7}.Ad-Hoc|x64.ActiveCfg = Debug|Any CPU
		{B61AAD44-9342-4BFF-B660-0C2479C735D7}.Ad-Hoc|x64.Build.0 = Debug|Any CPU
		{B61AAD44-9342-4BFF-B660-0C2479C735D7}.Ad-Hoc|x86.ActiveCfg = Debug|Any CPU
		{B61AAD44-9342-4BFF-B660-0C2479C735D7}.Ad-Hoc|x86.Build.0 = Debug|Any CPU
		{B61AAD44-9342-4BFF-B660-0C2479C735D7}.AppStore|Any CPU.ActiveCfg = Debug|Any CPU
		{B61AAD44-9342-4BFF-B660-0C2479C735D7}.AppStore|Any CPU.Build.0 = Debug|Any CPU
		{B61AAD44-9342-4BFF-B660-0C2479C735D7}.AppStore|ARM.ActiveCfg = Debug|Any CPU
		{B61AAD44-9342-4BFF-B660-0C2479C735D7}.AppStore|ARM.Build.0 = Debug|Any CPU
		{B61AAD44-9342-4BFF-B660-0C2479C735D7}.AppStore|iPhone.ActiveCfg = Debug|Any CPU
		{B61AAD44-9342-4BFF-B660-0C2479C735D7}.AppStore|iPhone.Build.0 = Debug|Any CPU
		{B61AAD44-9342-4BFF-B660-0C2479C735D7}.AppStore|iPhoneSimulator.ActiveCfg = Debug|Any CPU
		{B61AAD44-9342-4BFF-B660-0C2479C735D7}.AppStore|iPhoneSimulator.Build.0 = Debug|Any CPU
		{B61AAD44-9342-4BFF-B660-0C2479C735D7}.AppStore|x64.ActiveCfg = Debug|Any CPU
		{B61AAD44-9342-4BFF-B660-0C2479C735D7}.AppStore|x64.Build.0 = Debug|Any CPU
		{B61AAD44-9342-4BFF-B660-0C2479C735D7}.AppStore|x86.ActiveCfg = Debug|Any CPU
		{B61AAD44-9342-4BFF-B660-0C2479C735D7}.AppStore|x86.Build.0 = Debug|Any CPU
		{B61AAD44-9342-4BFF-B660-0C2479C735D7}.Debug|Any CPU.ActiveCfg = Debug|Any CPU
		{B61AAD44-9342-4BFF-B660-0C2479C735D7}.Debug|Any CPU.Build.0 = Debug|Any CPU
		{B61AAD44-9342-4BFF-B660-0C2479C735D7}.Debug|ARM.ActiveCfg = Debug|Any CPU
		{B61AAD44-9342-4BFF-B660-0C2479C735D7}.Debug|ARM.Build.0 = Debug|Any CPU
		{B61AAD44-9342-4BFF-B660-0C2479C735D7}.Debug|iPhone.ActiveCfg = Debug|Any CPU
		{B61AAD44-9342-4BFF-B660-0C2479C735D7}.Debug|iPhone.Build.0 = Debug|Any CPU
		{B61AAD44-9342-4BFF-B660-0C2479C735D7}.Debug|iPhoneSimulator.ActiveCfg = Debug|Any CPU
		{B61AAD44-9342-4BFF-B660-0C2479C735D7}.Debug|iPhoneSimulator.Build.0 = Debug|Any CPU
		{B61AAD44-9342-4BFF-B660-0C2479C735D7}.Debug|x64.ActiveCfg = Debug|Any CPU
		{B61AAD44-9342-4BFF-B660-0C2479C735D7}.Debug|x64.Build.0 = Debug|Any CPU
		{B61AAD44-9342-4BFF-B660-0C2479C735D7}.Debug|x86.ActiveCfg = Debug|Any CPU
		{B61AAD44-9342-4BFF-B660-0C2479C735D7}.Debug|x86.Build.0 = Debug|Any CPU
		{B61AAD44-9342-4BFF-B660-0C2479C735D7}.Release|Any CPU.ActiveCfg = Release|Any CPU
		{B61AAD44-9342-4BFF-B660-0C2479C735D7}.Release|Any CPU.Build.0 = Release|Any CPU
		{B61AAD44-9342-4BFF-B660-0C2479C735D7}.Release|ARM.ActiveCfg = Release|Any CPU
		{B61AAD44-9342-4BFF-B660-0C2479C735D7}.Release|ARM.Build.0 = Release|Any CPU
		{B61AAD44-9342-4BFF-B660-0C2479C735D7}.Release|iPhone.ActiveCfg = Release|Any CPU
		{B61AAD44-9342-4BFF-B660-0C2479C735D7}.Release|iPhone.Build.0 = Release|Any CPU
		{B61AAD44-9342-4BFF-B660-0C2479C735D7}.Release|iPhoneSimulator.ActiveCfg = Release|Any CPU
		{B61AAD44-9342-4BFF-B660-0C2479C735D7}.Release|iPhoneSimulator.Build.0 = Release|Any CPU
		{B61AAD44-9342-4BFF-B660-0C2479C735D7}.Release|x64.ActiveCfg = Release|Any CPU
		{B61AAD44-9342-4BFF-B660-0C2479C735D7}.Release|x64.Build.0 = Release|Any CPU
		{B61AAD44-9342-4BFF-B660-0C2479C735D7}.Release|x86.ActiveCfg = Release|Any CPU
		{B61AAD44-9342-4BFF-B660-0C2479C735D7}.Release|x86.Build.0 = Release|Any CPU
		{05A0718F-385E-46A5-A188-20CA57A0F97A}.Ad-Hoc|Any CPU.ActiveCfg = Release|Any CPU
		{05A0718F-385E-46A5-A188-20CA57A0F97A}.Ad-Hoc|Any CPU.Build.0 = Release|Any CPU
		{05A0718F-385E-46A5-A188-20CA57A0F97A}.Ad-Hoc|ARM.ActiveCfg = Release|Any CPU
		{05A0718F-385E-46A5-A188-20CA57A0F97A}.Ad-Hoc|ARM.Build.0 = Release|Any CPU
		{05A0718F-385E-46A5-A188-20CA57A0F97A}.Ad-Hoc|iPhone.ActiveCfg = Release|Any CPU
		{05A0718F-385E-46A5-A188-20CA57A0F97A}.Ad-Hoc|iPhone.Build.0 = Release|Any CPU
		{05A0718F-385E-46A5-A188-20CA57A0F97A}.Ad-Hoc|iPhoneSimulator.ActiveCfg = Release|Any CPU
		{05A0718F-385E-46A5-A188-20CA57A0F97A}.Ad-Hoc|iPhoneSimulator.Build.0 = Release|Any CPU
		{05A0718F-385E-46A5-A188-20CA57A0F97A}.Ad-Hoc|x64.ActiveCfg = Release|Any CPU
		{05A0718F-385E-46A5-A188-20CA57A0F97A}.Ad-Hoc|x64.Build.0 = Release|Any CPU
		{05A0718F-385E-46A5-A188-20CA57A0F97A}.Ad-Hoc|x86.ActiveCfg = Release|Any CPU
		{05A0718F-385E-46A5-A188-20CA57A0F97A}.Ad-Hoc|x86.Build.0 = Release|Any CPU
		{05A0718F-385E-46A5-A188-20CA57A0F97A}.AppStore|Any CPU.ActiveCfg = Release|Any CPU
		{05A0718F-385E-46A5-A188-20CA57A0F97A}.AppStore|Any CPU.Build.0 = Release|Any CPU
		{05A0718F-385E-46A5-A188-20CA57A0F97A}.AppStore|ARM.ActiveCfg = Release|Any CPU
		{05A0718F-385E-46A5-A188-20CA57A0F97A}.AppStore|ARM.Build.0 = Release|Any CPU
		{05A0718F-385E-46A5-A188-20CA57A0F97A}.AppStore|iPhone.ActiveCfg = Release|Any CPU
		{05A0718F-385E-46A5-A188-20CA57A0F97A}.AppStore|iPhone.Build.0 = Release|Any CPU
		{05A0718F-385E-46A5-A188-20CA57A0F97A}.AppStore|iPhoneSimulator.ActiveCfg = Release|Any CPU
		{05A0718F-385E-46A5-A188-20CA57A0F97A}.AppStore|iPhoneSimulator.Build.0 = Release|Any CPU
		{05A0718F-385E-46A5-A188-20CA57A0F97A}.AppStore|x64.ActiveCfg = Release|Any CPU
		{05A0718F-385E-46A5-A188-20CA57A0F97A}.AppStore|x64.Build.0 = Release|Any CPU
		{05A0718F-385E-46A5-A188-20CA57A0F97A}.AppStore|x86.ActiveCfg = Release|Any CPU
		{05A0718F-385E-46A5-A188-20CA57A0F97A}.AppStore|x86.Build.0 = Release|Any CPU
		{05A0718F-385E-46A5-A188-20CA57A0F97A}.Debug|Any CPU.ActiveCfg = Debug|Any CPU
		{05A0718F-385E-46A5-A188-20CA57A0F97A}.Debug|Any CPU.Build.0 = Debug|Any CPU
		{05A0718F-385E-46A5-A188-20CA57A0F97A}.Debug|ARM.ActiveCfg = Debug|Any CPU
		{05A0718F-385E-46A5-A188-20CA57A0F97A}.Debug|ARM.Build.0 = Debug|Any CPU
		{05A0718F-385E-46A5-A188-20CA57A0F97A}.Debug|iPhone.ActiveCfg = Debug|Any CPU
		{05A0718F-385E-46A5-A188-20CA57A0F97A}.Debug|iPhone.Build.0 = Debug|Any CPU
		{05A0718F-385E-46A5-A188-20CA57A0F97A}.Debug|iPhoneSimulator.ActiveCfg = Debug|Any CPU
		{05A0718F-385E-46A5-A188-20CA57A0F97A}.Debug|iPhoneSimulator.Build.0 = Debug|Any CPU
		{05A0718F-385E-46A5-A188-20CA57A0F97A}.Debug|x64.ActiveCfg = Debug|Any CPU
		{05A0718F-385E-46A5-A188-20CA57A0F97A}.Debug|x64.Build.0 = Debug|Any CPU
		{05A0718F-385E-46A5-A188-20CA57A0F97A}.Debug|x86.ActiveCfg = Debug|Any CPU
		{05A0718F-385E-46A5-A188-20CA57A0F97A}.Debug|x86.Build.0 = Debug|Any CPU
		{05A0718F-385E-46A5-A188-20CA57A0F97A}.Release|Any CPU.ActiveCfg = Release|Any CPU
		{05A0718F-385E-46A5-A188-20CA57A0F97A}.Release|Any CPU.Build.0 = Release|Any CPU
		{05A0718F-385E-46A5-A188-20CA57A0F97A}.Release|ARM.ActiveCfg = Release|Any CPU
		{05A0718F-385E-46A5-A188-20CA57A0F97A}.Release|ARM.Build.0 = Release|Any CPU
		{05A0718F-385E-46A5-A188-20CA57A0F97A}.Release|iPhone.ActiveCfg = Release|Any CPU
		{05A0718F-385E-46A5-A188-20CA57A0F97A}.Release|iPhone.Build.0 = Release|Any CPU
		{05A0718F-385E-46A5-A188-20CA57A0F97A}.Release|iPhoneSimulator.ActiveCfg = Release|Any CPU
		{05A0718F-385E-46A5-A188-20CA57A0F97A}.Release|iPhoneSimulator.Build.0 = Release|Any CPU
		{05A0718F-385E-46A5-A188-20CA57A0F97A}.Release|x64.ActiveCfg = Release|Any CPU
		{05A0718F-385E-46A5-A188-20CA57A0F97A}.Release|x64.Build.0 = Release|Any CPU
		{05A0718F-385E-46A5-A188-20CA57A0F97A}.Release|x86.ActiveCfg = Release|Any CPU
		{05A0718F-385E-46A5-A188-20CA57A0F97A}.Release|x86.Build.0 = Release|Any CPU
		{AE4D50C7-D782-4581-B651-6EAC7E249A9B}.Ad-Hoc|Any CPU.ActiveCfg = Release|Any CPU
		{AE4D50C7-D782-4581-B651-6EAC7E249A9B}.Ad-Hoc|Any CPU.Build.0 = Release|Any CPU
		{AE4D50C7-D782-4581-B651-6EAC7E249A9B}.Ad-Hoc|ARM.ActiveCfg = Release|Any CPU
		{AE4D50C7-D782-4581-B651-6EAC7E249A9B}.Ad-Hoc|ARM.Build.0 = Release|Any CPU
		{AE4D50C7-D782-4581-B651-6EAC7E249A9B}.Ad-Hoc|iPhone.ActiveCfg = Release|Any CPU
		{AE4D50C7-D782-4581-B651-6EAC7E249A9B}.Ad-Hoc|iPhone.Build.0 = Release|Any CPU
		{AE4D50C7-D782-4581-B651-6EAC7E249A9B}.Ad-Hoc|iPhoneSimulator.ActiveCfg = Release|Any CPU
		{AE4D50C7-D782-4581-B651-6EAC7E249A9B}.Ad-Hoc|iPhoneSimulator.Build.0 = Release|Any CPU
		{AE4D50C7-D782-4581-B651-6EAC7E249A9B}.Ad-Hoc|x64.ActiveCfg = Release|Any CPU
		{AE4D50C7-D782-4581-B651-6EAC7E249A9B}.Ad-Hoc|x64.Build.0 = Release|Any CPU
		{AE4D50C7-D782-4581-B651-6EAC7E249A9B}.Ad-Hoc|x86.ActiveCfg = Release|Any CPU
		{AE4D50C7-D782-4581-B651-6EAC7E249A9B}.Ad-Hoc|x86.Build.0 = Release|Any CPU
		{AE4D50C7-D782-4581-B651-6EAC7E249A9B}.AppStore|Any CPU.ActiveCfg = Release|Any CPU
		{AE4D50C7-D782-4581-B651-6EAC7E249A9B}.AppStore|Any CPU.Build.0 = Release|Any CPU
		{AE4D50C7-D782-4581-B651-6EAC7E249A9B}.AppStore|ARM.ActiveCfg = Release|Any CPU
		{AE4D50C7-D782-4581-B651-6EAC7E249A9B}.AppStore|ARM.Build.0 = Release|Any CPU
		{AE4D50C7-D782-4581-B651-6EAC7E249A9B}.AppStore|iPhone.ActiveCfg = Release|Any CPU
		{AE4D50C7-D782-4581-B651-6EAC7E249A9B}.AppStore|iPhone.Build.0 = Release|Any CPU
		{AE4D50C7-D782-4581-B651-6EAC7E249A9B}.AppStore|iPhoneSimulator.ActiveCfg = Release|Any CPU
		{AE4D50C7-D782-4581-B651-6EAC7E249A9B}.AppStore|iPhoneSimulator.Build.0 = Release|Any CPU
		{AE4D50C7-D782-4581-B651-6EAC7E249A9B}.AppStore|x64.ActiveCfg = Release|Any CPU
		{AE4D50C7-D782-4581-B651-6EAC7E249A9B}.AppStore|x64.Build.0 = Release|Any CPU
		{AE4D50C7-D782-4581-B651-6EAC7E249A9B}.AppStore|x86.ActiveCfg = Release|Any CPU
		{AE4D50C7-D782-4581-B651-6EAC7E249A9B}.AppStore|x86.Build.0 = Release|Any CPU
		{AE4D50C7-D782-4581-B651-6EAC7E249A9B}.Debug|Any CPU.ActiveCfg = Debug|Any CPU
		{AE4D50C7-D782-4581-B651-6EAC7E249A9B}.Debug|Any CPU.Build.0 = Debug|Any CPU
		{AE4D50C7-D782-4581-B651-6EAC7E249A9B}.Debug|ARM.ActiveCfg = Debug|Any CPU
		{AE4D50C7-D782-4581-B651-6EAC7E249A9B}.Debug|ARM.Build.0 = Debug|Any CPU
		{AE4D50C7-D782-4581-B651-6EAC7E249A9B}.Debug|iPhone.ActiveCfg = Debug|Any CPU
		{AE4D50C7-D782-4581-B651-6EAC7E249A9B}.Debug|iPhone.Build.0 = Debug|Any CPU
		{AE4D50C7-D782-4581-B651-6EAC7E249A9B}.Debug|iPhoneSimulator.ActiveCfg = Debug|Any CPU
		{AE4D50C7-D782-4581-B651-6EAC7E249A9B}.Debug|iPhoneSimulator.Build.0 = Debug|Any CPU
		{AE4D50C7-D782-4581-B651-6EAC7E249A9B}.Debug|x64.ActiveCfg = Debug|Any CPU
		{AE4D50C7-D782-4581-B651-6EAC7E249A9B}.Debug|x64.Build.0 = Debug|Any CPU
		{AE4D50C7-D782-4581-B651-6EAC7E249A9B}.Debug|x86.ActiveCfg = Debug|Any CPU
		{AE4D50C7-D782-4581-B651-6EAC7E249A9B}.Debug|x86.Build.0 = Debug|Any CPU
		{AE4D50C7-D782-4581-B651-6EAC7E249A9B}.Release|Any CPU.ActiveCfg = Release|Any CPU
		{AE4D50C7-D782-4581-B651-6EAC7E249A9B}.Release|Any CPU.Build.0 = Release|Any CPU
		{AE4D50C7-D782-4581-B651-6EAC7E249A9B}.Release|ARM.ActiveCfg = Release|Any CPU
		{AE4D50C7-D782-4581-B651-6EAC7E249A9B}.Release|ARM.Build.0 = Release|Any CPU
		{AE4D50C7-D782-4581-B651-6EAC7E249A9B}.Release|iPhone.ActiveCfg = Release|Any CPU
		{AE4D50C7-D782-4581-B651-6EAC7E249A9B}.Release|iPhone.Build.0 = Release|Any CPU
		{AE4D50C7-D782-4581-B651-6EAC7E249A9B}.Release|iPhoneSimulator.ActiveCfg = Release|Any CPU
		{AE4D50C7-D782-4581-B651-6EAC7E249A9B}.Release|iPhoneSimulator.Build.0 = Release|Any CPU
		{AE4D50C7-D782-4581-B651-6EAC7E249A9B}.Release|x64.ActiveCfg = Release|Any CPU
		{AE4D50C7-D782-4581-B651-6EAC7E249A9B}.Release|x64.Build.0 = Release|Any CPU
		{AE4D50C7-D782-4581-B651-6EAC7E249A9B}.Release|x86.ActiveCfg = Release|Any CPU
		{AE4D50C7-D782-4581-B651-6EAC7E249A9B}.Release|x86.Build.0 = Release|Any CPU
	EndGlobalSection
	GlobalSection(SolutionProperties) = preSolution
		HideSolutionNode = FALSE
	EndGlobalSection
	GlobalSection(ExtensibilityGlobals) = postSolution
		SolutionGuid = {7E103AC2-802B-4B75-9D7C-A300CE7EED8A}
	EndGlobalSection
EndGlobal
